// !$*UTF8*$!
{
	archiveVersion = 1;
	classes = {
	};
	objectVersion = 56;
	objects = {

/* Begin PBXBuildFile section */
		10D23C9A2BFD815C00A7C338 /* MC2_ScolioSenseApp.swift in Sources */ = {isa = PBXBuildFile; fileRef = 10D23C992BFD815C00A7C338 /* MC2_ScolioSenseApp.swift */; };
		10D23C9C2BFD815C00A7C338 /* ContentView.swift in Sources */ = {isa = PBXBuildFile; fileRef = 10D23C9B2BFD815C00A7C338 /* ContentView.swift */; };
		10D23CA02BFD815E00A7C338 /* Assets.xcassets in Resources */ = {isa = PBXBuildFile; fileRef = 10D23C9F2BFD815E00A7C338 /* Assets.xcassets */; };
		10D23CA32BFD815E00A7C338 /* Preview Assets.xcassets in Resources */ = {isa = PBXBuildFile; fileRef = 10D23CA22BFD815E00A7C338 /* Preview Assets.xcassets */; };
		10D23CAD2BFD815E00A7C338 /* MC2_ScolioSenseTests.swift in Sources */ = {isa = PBXBuildFile; fileRef = 10D23CAC2BFD815E00A7C338 /* MC2_ScolioSenseTests.swift */; };
		10D23CB72BFD815E00A7C338 /* MC2_ScolioSenseUITests.swift in Sources */ = {isa = PBXBuildFile; fileRef = 10D23CB62BFD815E00A7C338 /* MC2_ScolioSenseUITests.swift */; };
		10D23CB92BFD815E00A7C338 /* MC2_ScolioSenseUITestsLaunchTests.swift in Sources */ = {isa = PBXBuildFile; fileRef = 10D23CB82BFD815E00A7C338 /* MC2_ScolioSenseUITestsLaunchTests.swift */; };
		1E31ACD32C081F34006CB94D /* datamodelTry.swift in Sources */ = {isa = PBXBuildFile; fileRef = 1E31ACD22C081F34006CB94D /* datamodelTry.swift */; };
		1E31ACD62C0B0622006CB94D /* scolioMeterView.swift in Sources */ = {isa = PBXBuildFile; fileRef = 1E31ACD52C0B0622006CB94D /* scolioMeterView.swift */; };
		1E31ACDB2C0B0974006CB94D /* textHeading.swift in Sources */ = {isa = PBXBuildFile; fileRef = 1E31ACDA2C0B0974006CB94D /* textHeading.swift */; };
		1E31ACDD2C0B09C5006CB94D /* colorConverter.swift in Sources */ = {isa = PBXBuildFile; fileRef = 1E31ACDC2C0B09C5006CB94D /* colorConverter.swift */; };
		1E31ACDF2C0B0D96006CB94D /* button.swift in Sources */ = {isa = PBXBuildFile; fileRef = 1E31ACDE2C0B0D96006CB94D /* button.swift */; };
		1E31ACE12C0B6892006CB94D /* CustomAlert.swift in Sources */ = {isa = PBXBuildFile; fileRef = 1E31ACE02C0B6892006CB94D /* CustomAlert.swift */; };
		1E389E352BFD8818008CE8C7 /* MotionManager.swift in Sources */ = {isa = PBXBuildFile; fileRef = 1E389E342BFD8818008CE8C7 /* MotionManager.swift */; };
		1E7B56BF2C0D6B8400339811 /* mainView.swift in Sources */ = {isa = PBXBuildFile; fileRef = 1E7B56BE2C0D6B8400339811 /* mainView.swift */; };
		1E7B56C12C0EB64A00339811 /* AngleRecord.swift in Sources */ = {isa = PBXBuildFile; fileRef = 1E7B56C02C0EB64A00339811 /* AngleRecord.swift */; };
		1E7B56C32C0EB69B00339811 /* RecordManager.swift in Sources */ = {isa = PBXBuildFile; fileRef = 1E7B56C22C0EB69B00339811 /* RecordManager.swift */; };
		1E7B56C62C0EC7B000339811 /* cobaScan.swift in Sources */ = {isa = PBXBuildFile; fileRef = 1E7B56C52C0EC7B000339811 /* cobaScan.swift */; };
		EB72DC652C0ED427000E63A6 /* CobbsLine.swift in Sources */ = {isa = PBXBuildFile; fileRef = EB72DC642C0ED427000E63A6 /* CobbsLine.swift */; };
		EB72DC672C0ED43C000E63A6 /* XRayScoliosis.swift in Sources */ = {isa = PBXBuildFile; fileRef = EB72DC662C0ED43C000E63A6 /* XRayScoliosis.swift */; };
/* End PBXBuildFile section */

/* Begin PBXContainerItemProxy section */
		10D23CA92BFD815E00A7C338 /* PBXContainerItemProxy */ = {
			isa = PBXContainerItemProxy;
			containerPortal = 10D23C8E2BFD815C00A7C338 /* Project object */;
			proxyType = 1;
			remoteGlobalIDString = 10D23C952BFD815C00A7C338;
			remoteInfo = MC2_ScolioSense;
		};
		10D23CB32BFD815E00A7C338 /* PBXContainerItemProxy */ = {
			isa = PBXContainerItemProxy;
			containerPortal = 10D23C8E2BFD815C00A7C338 /* Project object */;
			proxyType = 1;
			remoteGlobalIDString = 10D23C952BFD815C00A7C338;
			remoteInfo = MC2_ScolioSense;
		};
/* End PBXContainerItemProxy section */

/* Begin PBXFileReference section */
		10D23C962BFD815C00A7C338 /* MC2_ScolioSense.app */ = {isa = PBXFileReference; explicitFileType = wrapper.application; includeInIndex = 0; path = MC2_ScolioSense.app; sourceTree = BUILT_PRODUCTS_DIR; };
		10D23C992BFD815C00A7C338 /* MC2_ScolioSenseApp.swift */ = {isa = PBXFileReference; lastKnownFileType = sourcecode.swift; path = MC2_ScolioSenseApp.swift; sourceTree = "<group>"; };
		10D23C9B2BFD815C00A7C338 /* ContentView.swift */ = {isa = PBXFileReference; lastKnownFileType = sourcecode.swift; path = ContentView.swift; sourceTree = "<group>"; };
		10D23C9F2BFD815E00A7C338 /* Assets.xcassets */ = {isa = PBXFileReference; lastKnownFileType = folder.assetcatalog; path = Assets.xcassets; sourceTree = "<group>"; };
		10D23CA22BFD815E00A7C338 /* Preview Assets.xcassets */ = {isa = PBXFileReference; lastKnownFileType = folder.assetcatalog; path = "Preview Assets.xcassets"; sourceTree = "<group>"; };
		10D23CA82BFD815E00A7C338 /* MC2_ScolioSenseTests.xctest */ = {isa = PBXFileReference; explicitFileType = wrapper.cfbundle; includeInIndex = 0; path = MC2_ScolioSenseTests.xctest; sourceTree = BUILT_PRODUCTS_DIR; };
		10D23CAC2BFD815E00A7C338 /* MC2_ScolioSenseTests.swift */ = {isa = PBXFileReference; lastKnownFileType = sourcecode.swift; path = MC2_ScolioSenseTests.swift; sourceTree = "<group>"; };
		10D23CB22BFD815E00A7C338 /* MC2_ScolioSenseUITests.xctest */ = {isa = PBXFileReference; explicitFileType = wrapper.cfbundle; includeInIndex = 0; path = MC2_ScolioSenseUITests.xctest; sourceTree = BUILT_PRODUCTS_DIR; };
		10D23CB62BFD815E00A7C338 /* MC2_ScolioSenseUITests.swift */ = {isa = PBXFileReference; lastKnownFileType = sourcecode.swift; path = MC2_ScolioSenseUITests.swift; sourceTree = "<group>"; };
		10D23CB82BFD815E00A7C338 /* MC2_ScolioSenseUITestsLaunchTests.swift */ = {isa = PBXFileReference; lastKnownFileType = sourcecode.swift; path = MC2_ScolioSenseUITestsLaunchTests.swift; sourceTree = "<group>"; };
		1E31ACD22C081F34006CB94D /* datamodelTry.swift */ = {isa = PBXFileReference; lastKnownFileType = sourcecode.swift; path = datamodelTry.swift; sourceTree = "<group>"; };
		1E31ACD52C0B0622006CB94D /* scolioMeterView.swift */ = {isa = PBXFileReference; lastKnownFileType = sourcecode.swift; path = scolioMeterView.swift; sourceTree = "<group>"; };
		1E31ACDA2C0B0974006CB94D /* textHeading.swift */ = {isa = PBXFileReference; lastKnownFileType = sourcecode.swift; path = textHeading.swift; sourceTree = "<group>"; };
		1E31ACDC2C0B09C5006CB94D /* colorConverter.swift */ = {isa = PBXFileReference; lastKnownFileType = sourcecode.swift; path = colorConverter.swift; sourceTree = "<group>"; };
		1E31ACDE2C0B0D96006CB94D /* button.swift */ = {isa = PBXFileReference; lastKnownFileType = sourcecode.swift; path = button.swift; sourceTree = "<group>"; };
		1E31ACE02C0B6892006CB94D /* CustomAlert.swift */ = {isa = PBXFileReference; lastKnownFileType = sourcecode.swift; path = CustomAlert.swift; sourceTree = "<group>"; };
		1E389E342BFD8818008CE8C7 /* MotionManager.swift */ = {isa = PBXFileReference; lastKnownFileType = sourcecode.swift; path = MotionManager.swift; sourceTree = "<group>"; };
		1E7B56BE2C0D6B8400339811 /* mainView.swift */ = {isa = PBXFileReference; lastKnownFileType = sourcecode.swift; path = mainView.swift; sourceTree = "<group>"; };
		1E7B56C02C0EB64A00339811 /* AngleRecord.swift */ = {isa = PBXFileReference; lastKnownFileType = sourcecode.swift; path = AngleRecord.swift; sourceTree = "<group>"; };
		1E7B56C22C0EB69B00339811 /* RecordManager.swift */ = {isa = PBXFileReference; lastKnownFileType = sourcecode.swift; path = RecordManager.swift; sourceTree = "<group>"; };
		1E7B56C52C0EC7B000339811 /* cobaScan.swift */ = {isa = PBXFileReference; lastKnownFileType = sourcecode.swift; path = cobaScan.swift; sourceTree = "<group>"; };
		EB72DC642C0ED427000E63A6 /* CobbsLine.swift */ = {isa = PBXFileReference; lastKnownFileType = sourcecode.swift; path = CobbsLine.swift; sourceTree = "<group>"; };
		EB72DC662C0ED43C000E63A6 /* XRayScoliosis.swift */ = {isa = PBXFileReference; lastKnownFileType = sourcecode.swift; path = XRayScoliosis.swift; sourceTree = "<group>"; };
/* End PBXFileReference section */

/* Begin PBXFrameworksBuildPhase section */
		10D23C932BFD815C00A7C338 /* Frameworks */ = {
			isa = PBXFrameworksBuildPhase;
			buildActionMask = 2147483647;
			files = (
			);
			runOnlyForDeploymentPostprocessing = 0;
		};
		10D23CA52BFD815E00A7C338 /* Frameworks */ = {
			isa = PBXFrameworksBuildPhase;
			buildActionMask = 2147483647;
			files = (
			);
			runOnlyForDeploymentPostprocessing = 0;
		};
		10D23CAF2BFD815E00A7C338 /* Frameworks */ = {
			isa = PBXFrameworksBuildPhase;
			buildActionMask = 2147483647;
			files = (
			);
			runOnlyForDeploymentPostprocessing = 0;
		};
/* End PBXFrameworksBuildPhase section */

/* Begin PBXGroup section */
		10D23C8D2BFD815C00A7C338 = {
			isa = PBXGroup;
			children = (
				10D23C982BFD815C00A7C338 /* MC2_ScolioSense */,
				10D23CAB2BFD815E00A7C338 /* MC2_ScolioSenseTests */,
				10D23CB52BFD815E00A7C338 /* MC2_ScolioSenseUITests */,
				10D23C972BFD815C00A7C338 /* Products */,
			);
			sourceTree = "<group>";
		};
		10D23C972BFD815C00A7C338 /* Products */ = {
			isa = PBXGroup;
			children = (
				10D23C962BFD815C00A7C338 /* MC2_ScolioSense.app */,
				10D23CA82BFD815E00A7C338 /* MC2_ScolioSenseTests.xctest */,
				10D23CB22BFD815E00A7C338 /* MC2_ScolioSenseUITests.xctest */,
			);
			name = Products;
			sourceTree = "<group>";
		};
		10D23C982BFD815C00A7C338 /* MC2_ScolioSense */ = {
			isa = PBXGroup;
			children = (
				EB72DC632C0ED413000E63A6 /* XRay */,
				1E7B56BD2C0D6A3D00339811 /* Main */,
				1E31ACD92C0B092F006CB94D /* Components */,
				1E31ACD42C0B0608006CB94D /* Scoliometer */,
				1E31ACD12C081F23006CB94D /* model */,
				10D23C992BFD815C00A7C338 /* MC2_ScolioSenseApp.swift */,
				10D23C9B2BFD815C00A7C338 /* ContentView.swift */,
				10D23C9F2BFD815E00A7C338 /* Assets.xcassets */,
				10D23CA12BFD815E00A7C338 /* Preview Content */,
			);
			path = MC2_ScolioSense;
			sourceTree = "<group>";
		};
		10D23CA12BFD815E00A7C338 /* Preview Content */ = {
			isa = PBXGroup;
			children = (
				10D23CA22BFD815E00A7C338 /* Preview Assets.xcassets */,
			);
			path = "Preview Content";
			sourceTree = "<group>";
		};
		10D23CAB2BFD815E00A7C338 /* MC2_ScolioSenseTests */ = {
			isa = PBXGroup;
			children = (
				10D23CAC2BFD815E00A7C338 /* MC2_ScolioSenseTests.swift */,
			);
			path = MC2_ScolioSenseTests;
			sourceTree = "<group>";
		};
		10D23CB52BFD815E00A7C338 /* MC2_ScolioSenseUITests */ = {
			isa = PBXGroup;
			children = (
				10D23CB62BFD815E00A7C338 /* MC2_ScolioSenseUITests.swift */,
				10D23CB82BFD815E00A7C338 /* MC2_ScolioSenseUITestsLaunchTests.swift */,
			);
			path = MC2_ScolioSenseUITests;
			sourceTree = "<group>";
		};
		1E31ACD12C081F23006CB94D /* model */ = {
			isa = PBXGroup;
			children = (
				1E31ACD22C081F34006CB94D /* datamodelTry.swift */,
				1E7B56C02C0EB64A00339811 /* AngleRecord.swift */,
				1E7B56C22C0EB69B00339811 /* RecordManager.swift */,
			);
			path = model;
			sourceTree = "<group>";
		};
		1E31ACD42C0B0608006CB94D /* Scoliometer */ = {
			isa = PBXGroup;
			children = (
				1E389E342BFD8818008CE8C7 /* MotionManager.swift */,
				1E31ACD52C0B0622006CB94D /* scolioMeterView.swift */,
				1E31ACE02C0B6892006CB94D /* CustomAlert.swift */,
			);
			path = Scoliometer;
			sourceTree = "<group>";
		};
		1E31ACD92C0B092F006CB94D /* Components */ = {
			isa = PBXGroup;
			children = (
				1E7B56C42C0EC7A100339811 /* Scan */,
				1E31ACDA2C0B0974006CB94D /* textHeading.swift */,
				1E31ACDC2C0B09C5006CB94D /* colorConverter.swift */,
				1E31ACDE2C0B0D96006CB94D /* button.swift */,
			);
			path = Components;
			sourceTree = "<group>";
		};
		1E7B56BD2C0D6A3D00339811 /* Main */ = {
			isa = PBXGroup;
			children = (
				1E7B56BE2C0D6B8400339811 /* mainView.swift */,
			);
			path = Main;
			sourceTree = "<group>";
		};
		1E7B56C42C0EC7A100339811 /* Scan */ = {
			isa = PBXGroup;
			children = (
				1E7B56C52C0EC7B000339811 /* cobaScan.swift */,
			);
			path = Scan;
			sourceTree = "<group>";
		};
		EB72DC632C0ED413000E63A6 /* XRay */ = {
			isa = PBXGroup;
			children = (
				EB72DC642C0ED427000E63A6 /* CobbsLine.swift */,
				EB72DC662C0ED43C000E63A6 /* XRayScoliosis.swift */,
			);
			path = XRay;
			sourceTree = "<group>";
		};
/* End PBXGroup section */

/* Begin PBXNativeTarget section */
		10D23C952BFD815C00A7C338 /* MC2_ScolioSense */ = {
			isa = PBXNativeTarget;
			buildConfigurationList = 10D23CBC2BFD815E00A7C338 /* Build configuration list for PBXNativeTarget "MC2_ScolioSense" */;
			buildPhases = (
				10D23C922BFD815C00A7C338 /* Sources */,
				10D23C932BFD815C00A7C338 /* Frameworks */,
				10D23C942BFD815C00A7C338 /* Resources */,
			);
			buildRules = (
			);
			dependencies = (
			);
			name = MC2_ScolioSense;
			productName = MC2_ScolioSense;
			productReference = 10D23C962BFD815C00A7C338 /* MC2_ScolioSense.app */;
			productType = "com.apple.product-type.application";
		};
		10D23CA72BFD815E00A7C338 /* MC2_ScolioSenseTests */ = {
			isa = PBXNativeTarget;
			buildConfigurationList = 10D23CBF2BFD815E00A7C338 /* Build configuration list for PBXNativeTarget "MC2_ScolioSenseTests" */;
			buildPhases = (
				10D23CA42BFD815E00A7C338 /* Sources */,
				10D23CA52BFD815E00A7C338 /* Frameworks */,
				10D23CA62BFD815E00A7C338 /* Resources */,
			);
			buildRules = (
			);
			dependencies = (
				10D23CAA2BFD815E00A7C338 /* PBXTargetDependency */,
			);
			name = MC2_ScolioSenseTests;
			productName = MC2_ScolioSenseTests;
			productReference = 10D23CA82BFD815E00A7C338 /* MC2_ScolioSenseTests.xctest */;
			productType = "com.apple.product-type.bundle.unit-test";
		};
		10D23CB12BFD815E00A7C338 /* MC2_ScolioSenseUITests */ = {
			isa = PBXNativeTarget;
			buildConfigurationList = 10D23CC22BFD815E00A7C338 /* Build configuration list for PBXNativeTarget "MC2_ScolioSenseUITests" */;
			buildPhases = (
				10D23CAE2BFD815E00A7C338 /* Sources */,
				10D23CAF2BFD815E00A7C338 /* Frameworks */,
				10D23CB02BFD815E00A7C338 /* Resources */,
			);
			buildRules = (
			);
			dependencies = (
				10D23CB42BFD815E00A7C338 /* PBXTargetDependency */,
			);
			name = MC2_ScolioSenseUITests;
			productName = MC2_ScolioSenseUITests;
			productReference = 10D23CB22BFD815E00A7C338 /* MC2_ScolioSenseUITests.xctest */;
			productType = "com.apple.product-type.bundle.ui-testing";
		};
/* End PBXNativeTarget section */

/* Begin PBXProject section */
		10D23C8E2BFD815C00A7C338 /* Project object */ = {
			isa = PBXProject;
			attributes = {
				BuildIndependentTargetsInParallel = 1;
				LastSwiftUpdateCheck = 1520;
				LastUpgradeCheck = 1520;
				TargetAttributes = {
					10D23C952BFD815C00A7C338 = {
						CreatedOnToolsVersion = 15.2;
					};
					10D23CA72BFD815E00A7C338 = {
						CreatedOnToolsVersion = 15.2;
						TestTargetID = 10D23C952BFD815C00A7C338;
					};
					10D23CB12BFD815E00A7C338 = {
						CreatedOnToolsVersion = 15.2;
						TestTargetID = 10D23C952BFD815C00A7C338;
					};
				};
			};
			buildConfigurationList = 10D23C912BFD815C00A7C338 /* Build configuration list for PBXProject "MC2_ScolioSense" */;
			compatibilityVersion = "Xcode 14.0";
			developmentRegion = en;
			hasScannedForEncodings = 0;
			knownRegions = (
				en,
				Base,
			);
			mainGroup = 10D23C8D2BFD815C00A7C338;
			productRefGroup = 10D23C972BFD815C00A7C338 /* Products */;
			projectDirPath = "";
			projectRoot = "";
			targets = (
				10D23C952BFD815C00A7C338 /* MC2_ScolioSense */,
				10D23CA72BFD815E00A7C338 /* MC2_ScolioSenseTests */,
				10D23CB12BFD815E00A7C338 /* MC2_ScolioSenseUITests */,
			);
		};
/* End PBXProject section */

/* Begin PBXResourcesBuildPhase section */
		10D23C942BFD815C00A7C338 /* Resources */ = {
			isa = PBXResourcesBuildPhase;
			buildActionMask = 2147483647;
			files = (
				10D23CA32BFD815E00A7C338 /* Preview Assets.xcassets in Resources */,
				10D23CA02BFD815E00A7C338 /* Assets.xcassets in Resources */,
			);
			runOnlyForDeploymentPostprocessing = 0;
		};
		10D23CA62BFD815E00A7C338 /* Resources */ = {
			isa = PBXResourcesBuildPhase;
			buildActionMask = 2147483647;
			files = (
			);
			runOnlyForDeploymentPostprocessing = 0;
		};
		10D23CB02BFD815E00A7C338 /* Resources */ = {
			isa = PBXResourcesBuildPhase;
			buildActionMask = 2147483647;
			files = (
			);
			runOnlyForDeploymentPostprocessing = 0;
		};
/* End PBXResourcesBuildPhase section */

/* Begin PBXSourcesBuildPhase section */
		10D23C922BFD815C00A7C338 /* Sources */ = {
			isa = PBXSourcesBuildPhase;
			buildActionMask = 2147483647;
			files = (
				1E7B56C32C0EB69B00339811 /* RecordManager.swift in Sources */,
				10D23C9C2BFD815C00A7C338 /* ContentView.swift in Sources */,
				1E31ACD62C0B0622006CB94D /* scolioMeterView.swift in Sources */,
				1E31ACDF2C0B0D96006CB94D /* button.swift in Sources */,
				1E7B56BF2C0D6B8400339811 /* mainView.swift in Sources */,
				1E31ACE12C0B6892006CB94D /* CustomAlert.swift in Sources */,
				1E7B56C62C0EC7B000339811 /* cobaScan.swift in Sources */,
				1E389E352BFD8818008CE8C7 /* MotionManager.swift in Sources */,
				1E31ACD32C081F34006CB94D /* datamodelTry.swift in Sources */,
				10D23C9A2BFD815C00A7C338 /* MC2_ScolioSenseApp.swift in Sources */,
				1E31ACDD2C0B09C5006CB94D /* colorConverter.swift in Sources */,
				1E7B56C12C0EB64A00339811 /* AngleRecord.swift in Sources */,
				1E31ACDB2C0B0974006CB94D /* textHeading.swift in Sources */,
				EB72DC652C0ED427000E63A6 /* CobbsLine.swift in Sources */,
				EB72DC672C0ED43C000E63A6 /* XRayScoliosis.swift in Sources */,
			);
			runOnlyForDeploymentPostprocessing = 0;
		};
		10D23CA42BFD815E00A7C338 /* Sources */ = {
			isa = PBXSourcesBuildPhase;
			buildActionMask = 2147483647;
			files = (
				10D23CAD2BFD815E00A7C338 /* MC2_ScolioSenseTests.swift in Sources */,
			);
			runOnlyForDeploymentPostprocessing = 0;
		};
		10D23CAE2BFD815E00A7C338 /* Sources */ = {
			isa = PBXSourcesBuildPhase;
			buildActionMask = 2147483647;
			files = (
				10D23CB72BFD815E00A7C338 /* MC2_ScolioSenseUITests.swift in Sources */,
				10D23CB92BFD815E00A7C338 /* MC2_ScolioSenseUITestsLaunchTests.swift in Sources */,
			);
			runOnlyForDeploymentPostprocessing = 0;
		};
/* End PBXSourcesBuildPhase section */

/* Begin PBXTargetDependency section */
		10D23CAA2BFD815E00A7C338 /* PBXTargetDependency */ = {
			isa = PBXTargetDependency;
			target = 10D23C952BFD815C00A7C338 /* MC2_ScolioSense */;
			targetProxy = 10D23CA92BFD815E00A7C338 /* PBXContainerItemProxy */;
		};
		10D23CB42BFD815E00A7C338 /* PBXTargetDependency */ = {
			isa = PBXTargetDependency;
			target = 10D23C952BFD815C00A7C338 /* MC2_ScolioSense */;
			targetProxy = 10D23CB32BFD815E00A7C338 /* PBXContainerItemProxy */;
		};
/* End PBXTargetDependency section */

/* Begin XCBuildConfiguration section */
		10D23CBA2BFD815E00A7C338 /* Debug */ = {
			isa = XCBuildConfiguration;
			buildSettings = {
				ALWAYS_SEARCH_USER_PATHS = NO;
				ASSETCATALOG_COMPILER_GENERATE_SWIFT_ASSET_SYMBOL_EXTENSIONS = YES;
				CLANG_ANALYZER_NONNULL = YES;
				CLANG_ANALYZER_NUMBER_OBJECT_CONVERSION = YES_AGGRESSIVE;
				CLANG_CXX_LANGUAGE_STANDARD = "gnu++20";
				CLANG_ENABLE_MODULES = YES;
				CLANG_ENABLE_OBJC_ARC = YES;
				CLANG_ENABLE_OBJC_WEAK = YES;
				CLANG_WARN_BLOCK_CAPTURE_AUTORELEASING = YES;
				CLANG_WARN_BOOL_CONVERSION = YES;
				CLANG_WARN_COMMA = YES;
				CLANG_WARN_CONSTANT_CONVERSION = YES;
				CLANG_WARN_DEPRECATED_OBJC_IMPLEMENTATIONS = YES;
				CLANG_WARN_DIRECT_OBJC_ISA_USAGE = YES_ERROR;
				CLANG_WARN_DOCUMENTATION_COMMENTS = YES;
				CLANG_WARN_EMPTY_BODY = YES;
				CLANG_WARN_ENUM_CONVERSION = YES;
				CLANG_WARN_INFINITE_RECURSION = YES;
				CLANG_WARN_INT_CONVERSION = YES;
				CLANG_WARN_NON_LITERAL_NULL_CONVERSION = YES;
				CLANG_WARN_OBJC_IMPLICIT_RETAIN_SELF = YES;
				CLANG_WARN_OBJC_LITERAL_CONVERSION = YES;
				CLANG_WARN_OBJC_ROOT_CLASS = YES_ERROR;
				CLANG_WARN_QUOTED_INCLUDE_IN_FRAMEWORK_HEADER = YES;
				CLANG_WARN_RANGE_LOOP_ANALYSIS = YES;
				CLANG_WARN_STRICT_PROTOTYPES = YES;
				CLANG_WARN_SUSPICIOUS_MOVE = YES;
				CLANG_WARN_UNGUARDED_AVAILABILITY = YES_AGGRESSIVE;
				CLANG_WARN_UNREACHABLE_CODE = YES;
				CLANG_WARN__DUPLICATE_METHOD_MATCH = YES;
				COPY_PHASE_STRIP = NO;
				DEBUG_INFORMATION_FORMAT = dwarf;
				ENABLE_STRICT_OBJC_MSGSEND = YES;
				ENABLE_TESTABILITY = YES;
				ENABLE_USER_SCRIPT_SANDBOXING = YES;
				GCC_C_LANGUAGE_STANDARD = gnu17;
				GCC_DYNAMIC_NO_PIC = NO;
				GCC_NO_COMMON_BLOCKS = YES;
				GCC_OPTIMIZATION_LEVEL = 0;
				GCC_PREPROCESSOR_DEFINITIONS = (
					"DEBUG=1",
					"$(inherited)",
				);
				GCC_WARN_64_TO_32_BIT_CONVERSION = YES;
				GCC_WARN_ABOUT_RETURN_TYPE = YES_ERROR;
				GCC_WARN_UNDECLARED_SELECTOR = YES;
				GCC_WARN_UNINITIALIZED_AUTOS = YES_AGGRESSIVE;
				GCC_WARN_UNUSED_FUNCTION = YES;
				GCC_WARN_UNUSED_VARIABLE = YES;
				IPHONEOS_DEPLOYMENT_TARGET = 17.2;
				LOCALIZATION_PREFERS_STRING_CATALOGS = YES;
				MTL_ENABLE_DEBUG_INFO = INCLUDE_SOURCE;
				MTL_FAST_MATH = YES;
				ONLY_ACTIVE_ARCH = YES;
				SDKROOT = iphoneos;
				SWIFT_ACTIVE_COMPILATION_CONDITIONS = "DEBUG $(inherited)";
				SWIFT_OPTIMIZATION_LEVEL = "-Onone";
			};
			name = Debug;
		};
		10D23CBB2BFD815E00A7C338 /* Release */ = {
			isa = XCBuildConfiguration;
			buildSettings = {
				ALWAYS_SEARCH_USER_PATHS = NO;
				ASSETCATALOG_COMPILER_GENERATE_SWIFT_ASSET_SYMBOL_EXTENSIONS = YES;
				CLANG_ANALYZER_NONNULL = YES;
				CLANG_ANALYZER_NUMBER_OBJECT_CONVERSION = YES_AGGRESSIVE;
				CLANG_CXX_LANGUAGE_STANDARD = "gnu++20";
				CLANG_ENABLE_MODULES = YES;
				CLANG_ENABLE_OBJC_ARC = YES;
				CLANG_ENABLE_OBJC_WEAK = YES;
				CLANG_WARN_BLOCK_CAPTURE_AUTORELEASING = YES;
				CLANG_WARN_BOOL_CONVERSION = YES;
				CLANG_WARN_COMMA = YES;
				CLANG_WARN_CONSTANT_CONVERSION = YES;
				CLANG_WARN_DEPRECATED_OBJC_IMPLEMENTATIONS = YES;
				CLANG_WARN_DIRECT_OBJC_ISA_USAGE = YES_ERROR;
				CLANG_WARN_DOCUMENTATION_COMMENTS = YES;
				CLANG_WARN_EMPTY_BODY = YES;
				CLANG_WARN_ENUM_CONVERSION = YES;
				CLANG_WARN_INFINITE_RECURSION = YES;
				CLANG_WARN_INT_CONVERSION = YES;
				CLANG_WARN_NON_LITERAL_NULL_CONVERSION = YES;
				CLANG_WARN_OBJC_IMPLICIT_RETAIN_SELF = YES;
				CLANG_WARN_OBJC_LITERAL_CONVERSION = YES;
				CLANG_WARN_OBJC_ROOT_CLASS = YES_ERROR;
				CLANG_WARN_QUOTED_INCLUDE_IN_FRAMEWORK_HEADER = YES;
				CLANG_WARN_RANGE_LOOP_ANALYSIS = YES;
				CLANG_WARN_STRICT_PROTOTYPES = YES;
				CLANG_WARN_SUSPICIOUS_MOVE = YES;
				CLANG_WARN_UNGUARDED_AVAILABILITY = YES_AGGRESSIVE;
				CLANG_WARN_UNREACHABLE_CODE = YES;
				CLANG_WARN__DUPLICATE_METHOD_MATCH = YES;
				COPY_PHASE_STRIP = NO;
				DEBUG_INFORMATION_FORMAT = "dwarf-with-dsym";
				ENABLE_NS_ASSERTIONS = NO;
				ENABLE_STRICT_OBJC_MSGSEND = YES;
				ENABLE_USER_SCRIPT_SANDBOXING = YES;
				GCC_C_LANGUAGE_STANDARD = gnu17;
				GCC_NO_COMMON_BLOCKS = YES;
				GCC_WARN_64_TO_32_BIT_CONVERSION = YES;
				GCC_WARN_ABOUT_RETURN_TYPE = YES_ERROR;
				GCC_WARN_UNDECLARED_SELECTOR = YES;
				GCC_WARN_UNINITIALIZED_AUTOS = YES_AGGRESSIVE;
				GCC_WARN_UNUSED_FUNCTION = YES;
				GCC_WARN_UNUSED_VARIABLE = YES;
				IPHONEOS_DEPLOYMENT_TARGET = 17.2;
				LOCALIZATION_PREFERS_STRING_CATALOGS = YES;
				MTL_ENABLE_DEBUG_INFO = NO;
				MTL_FAST_MATH = YES;
				SDKROOT = iphoneos;
				SWIFT_COMPILATION_MODE = wholemodule;
				VALIDATE_PRODUCT = YES;
			};
			name = Release;
		};
		10D23CBD2BFD815E00A7C338 /* Debug */ = {
			isa = XCBuildConfiguration;
			buildSettings = {
				ASSETCATALOG_COMPILER_APPICON_NAME = AppIcon;
				ASSETCATALOG_COMPILER_GLOBAL_ACCENT_COLOR_NAME = AccentColor;
				CODE_SIGN_STYLE = Automatic;
				CURRENT_PROJECT_VERSION = 1;
				DEVELOPMENT_ASSET_PATHS = "\"MC2_ScolioSense/Preview Content\"";
				DEVELOPMENT_TEAM = V82QRJ28YB;
				ENABLE_PREVIEWS = YES;
				GENERATE_INFOPLIST_FILE = YES;
				INFOPLIST_KEY_UIApplicationSceneManifest_Generation = YES;
				INFOPLIST_KEY_UIApplicationSupportsIndirectInputEvents = YES;
				INFOPLIST_KEY_UILaunchScreen_Generation = YES;
				INFOPLIST_KEY_UISupportedInterfaceOrientations = UIInterfaceOrientationPortrait;
				INFOPLIST_KEY_UISupportedInterfaceOrientations_iPad = "UIInterfaceOrientationLandscapeLeft UIInterfaceOrientationLandscapeRight UIInterfaceOrientationPortrait UIInterfaceOrientationPortraitUpsideDown";
				LD_RUNPATH_SEARCH_PATHS = (
					"$(inherited)",
					"@executable_path/Frameworks",
				);
				MARKETING_VERSION = 1.0;
				PRODUCT_BUNDLE_IDENTIFIER = "ADA.MC2-ScolioSense";
				PRODUCT_NAME = "$(TARGET_NAME)";
				SWIFT_EMIT_LOC_STRINGS = YES;
				SWIFT_VERSION = 5.0;
				TARGETED_DEVICE_FAMILY = "1,2";
			};
			name = Debug;
		};
		10D23CBE2BFD815E00A7C338 /* Release */ = {
			isa = XCBuildConfiguration;
			buildSettings = {
				ASSETCATALOG_COMPILER_APPICON_NAME = AppIcon;
				ASSETCATALOG_COMPILER_GLOBAL_ACCENT_COLOR_NAME = AccentColor;
				CODE_SIGN_STYLE = Automatic;
				CURRENT_PROJECT_VERSION = 1;
				DEVELOPMENT_ASSET_PATHS = "\"MC2_ScolioSense/Preview Content\"";
				DEVELOPMENT_TEAM = V82QRJ28YB;
				ENABLE_PREVIEWS = YES;
				GENERATE_INFOPLIST_FILE = YES;
				INFOPLIST_KEY_UIApplicationSceneManifest_Generation = YES;
				INFOPLIST_KEY_UIApplicationSupportsIndirectInputEvents = YES;
				INFOPLIST_KEY_UILaunchScreen_Generation = YES;
				INFOPLIST_KEY_UISupportedInterfaceOrientations = UIInterfaceOrientationPortrait;
				INFOPLIST_KEY_UISupportedInterfaceOrientations_iPad = "UIInterfaceOrientationLandscapeLeft UIInterfaceOrientationLandscapeRight UIInterfaceOrientationPortrait UIInterfaceOrientationPortraitUpsideDown";
				LD_RUNPATH_SEARCH_PATHS = (
					"$(inherited)",
					"@executable_path/Frameworks",
				);
				MARKETING_VERSION = 1.0;
				PRODUCT_BUNDLE_IDENTIFIER = "ADA.MC2-ScolioSense";
				PRODUCT_NAME = "$(TARGET_NAME)";
				SWIFT_EMIT_LOC_STRINGS = YES;
				SWIFT_VERSION = 5.0;
				TARGETED_DEVICE_FAMILY = "1,2";
			};
			name = Release;
		};
		10D23CC02BFD815E00A7C338 /* Debug */ = {
			isa = XCBuildConfiguration;
			buildSettings = {
				ALWAYS_EMBED_SWIFT_STANDARD_LIBRARIES = YES;
				BUNDLE_LOADER = "$(TEST_HOST)";
				CODE_SIGN_STYLE = Automatic;
				CURRENT_PROJECT_VERSION = 1;
				DEVELOPMENT_TEAM = NLFHS29F76;
				GENERATE_INFOPLIST_FILE = YES;
				IPHONEOS_DEPLOYMENT_TARGET = 17.2;
				MARKETING_VERSION = 1.0;
				PRODUCT_BUNDLE_IDENTIFIER = "ADA.MC2-ScolioSenseTests";
				PRODUCT_NAME = "$(TARGET_NAME)";
				SWIFT_EMIT_LOC_STRINGS = NO;
				SWIFT_VERSION = 5.0;
				TARGETED_DEVICE_FAMILY = "1,2";
				TEST_HOST = "$(BUILT_PRODUCTS_DIR)/MC2_ScolioSense.app/$(BUNDLE_EXECUTABLE_FOLDER_PATH)/MC2_ScolioSense";
			};
			name = Debug;
		};
		10D23CC12BFD815E00A7C338 /* Release */ = {
			isa = XCBuildConfiguration;
			buildSettings = {
				ALWAYS_EMBED_SWIFT_STANDARD_LIBRARIES = YES;
				BUNDLE_LOADER = "$(TEST_HOST)";
				CODE_SIGN_STYLE = Automatic;
				CURRENT_PROJECT_VERSION = 1;
				DEVELOPMENT_TEAM = NLFHS29F76;
				GENERATE_INFOPLIST_FILE = YES;
				IPHONEOS_DEPLOYMENT_TARGET = 17.2;
				MARKETING_VERSION = 1.0;
				PRODUCT_BUNDLE_IDENTIFIER = "ADA.MC2-ScolioSenseTests";
				PRODUCT_NAME = "$(TARGET_NAME)";
				SWIFT_EMIT_LOC_STRINGS = NO;
				SWIFT_VERSION = 5.0;
				TARGETED_DEVICE_FAMILY = "1,2";
				TEST_HOST = "$(BUILT_PRODUCTS_DIR)/MC2_ScolioSense.app/$(BUNDLE_EXECUTABLE_FOLDER_PATH)/MC2_ScolioSense";
			};
			name = Release;
		};
		10D23CC32BFD815E00A7C338 /* Debug */ = {
			isa = XCBuildConfiguration;
			buildSettings = {
				ALWAYS_EMBED_SWIFT_STANDARD_LIBRARIES = YES;
				CODE_SIGN_STYLE = Automatic;
				CURRENT_PROJECT_VERSION = 1;
				DEVELOPMENT_TEAM = NLFHS29F76;
				GENERATE_INFOPLIST_FILE = YES;
				MARKETING_VERSION = 1.0;
				PRODUCT_BUNDLE_IDENTIFIER = "ADA.MC2-ScolioSenseUITests";
				PRODUCT_NAME = "$(TARGET_NAME)";
				SWIFT_EMIT_LOC_STRINGS = NO;
				SWIFT_VERSION = 5.0;
				TARGETED_DEVICE_FAMILY = "1,2";
				TEST_TARGET_NAME = MC2_ScolioSense;
			};
			name = Debug;
		};
		10D23CC42BFD815E00A7C338 /* Release */ = {
			isa = XCBuildConfiguration;
			buildSettings = {
				ALWAYS_EMBED_SWIFT_STANDARD_LIBRARIES = YES;
				CODE_SIGN_STYLE = Automatic;
				CURRENT_PROJECT_VERSION = 1;
				DEVELOPMENT_TEAM = NLFHS29F76;
				GENERATE_INFOPLIST_FILE = YES;
				MARKETING_VERSION = 1.0;
				PRODUCT_BUNDLE_IDENTIFIER = "ADA.MC2-ScolioSenseUITests";
				PRODUCT_NAME = "$(TARGET_NAME)";
				SWIFT_EMIT_LOC_STRINGS = NO;
				SWIFT_VERSION = 5.0;
				TARGETED_DEVICE_FAMILY = "1,2";
				TEST_TARGET_NAME = MC2_ScolioSense;
			};
			name = Release;
		};
/* End XCBuildConfiguration section */

/* Begin XCConfigurationList section */
		10D23C912BFD815C00A7C338 /* Build configuration list for PBXProject "MC2_ScolioSense" */ = {
			isa = XCConfigurationList;
			buildConfigurations = (
				10D23CBA2BFD815E00A7C338 /* Debug */,
				10D23CBB2BFD815E00A7C338 /* Release */,
			);
			defaultConfigurationIsVisible = 0;
			defaultConfigurationName = Release;
		};
		10D23CBC2BFD815E00A7C338 /* Build configuration list for PBXNativeTarget "MC2_ScolioSense" */ = {
			isa = XCConfigurationList;
			buildConfigurations = (
				10D23CBD2BFD815E00A7C338 /* Debug */,
				10D23CBE2BFD815E00A7C338 /* Release */,
			);
			defaultConfigurationIsVisible = 0;
			defaultConfigurationName = Release;
		};
		10D23CBF2BFD815E00A7C338 /* Build configuration list for PBXNativeTarget "MC2_ScolioSenseTests" */ = {
			isa = XCConfigurationList;
			buildConfigurations = (
				10D23CC02BFD815E00A7C338 /* Debug */,
				10D23CC12BFD815E00A7C338 /* Release */,
			);
			defaultConfigurationIsVisible = 0;
			defaultConfigurationName = Release;
		};
		10D23CC22BFD815E00A7C338 /* Build configuration list for PBXNativeTarget "MC2_ScolioSenseUITests" */ = {
			isa = XCConfigurationList;
			buildConfigurations = (
				10D23CC32BFD815E00A7C338 /* Debug */,
				10D23CC42BFD815E00A7C338 /* Release */,
			);
			defaultConfigurationIsVisible = 0;
			defaultConfigurationName = Release;
		};
/* End XCConfigurationList section */
	};
	rootObject = 10D23C8E2BFD815C00A7C338 /* Project object */;
}
